
Microsoft Visual Studio Solution File, Format Version 12.00
# Visual Studio Version 17
VisualStudioVersion = 17.4.33205.214
MinimumVisualStudioVersion = 10.0.40219.1
Project("{888888A0-9F3D-457C-B088-3A5042F75D52}") = "uue_Registreerimine-ja-autoriseerimine", "uue_Registreerimine-ja-autoriseerimine.pyproj", "{21CA6A0F-DA3C-4FE7-AF2D-D1BAB0843A0D}"
EndProject
Global
	GlobalSection(SolutionConfigurationPlatforms) = preSolution
		Debug|Any CPU = Debug|Any CPU
		Release|Any CPU = Release|Any CPU
	EndGlobalSection
	GlobalSection(ProjectConfigurationPlatforms) = postSolution
		{21CA6A0F-DA3C-4FE7-AF2D-D1BAB0843A0D}.Debug|Any CPU.ActiveCfg = Debug|Any CPU
		{21CA6A0F-DA3C-4FE7-AF2D-D1BAB0843A0D}.Release|Any CPU.ActiveCfg = Release|Any CPU
	EndGlobalSection
	GlobalSection(SolutionProperties) = preSolution
		HideSolutionNode = FALSE
	EndGlobalSection
	GlobalSection(ExtensibilityGlobals) = postSolution
		SolutionGuid = {63CEFBC6-C7E1-4358-8FDB-C15806431BBF}
	EndGlobalSection
EndGlobal
